
Microsoft Visual Studio Solution File, Format Version 12.00
# Visual Studio Version 16
VisualStudioVersion = 16.0.29905.134
MinimumVisualStudioVersion = 10.0.40219.1
Project("{FAE04EC0-301F-11D3-BF4B-00C04F79EFBC}") = "ChessTournament", "ChessTournament\ChessTournament.csproj", "{BA5528BA-6E06-4404-9A2F-A931F588E75E}"
EndProject
Global
	GlobalSection(SolutionConfigurationPlatforms) = preSolution
		Debug|Any CPU = Debug|Any CPU
		Release|Any CPU = Release|Any CPU
	EndGlobalSection
	GlobalSection(ProjectConfigurationPlatforms) = postSolution
		{BA5528BA-6E06-4404-9A2F-A931F588E75E}.Debug|Any CPU.ActiveCfg = Debug|Any CPU
		{BA5528BA-6E06-4404-9A2F-A931F588E75E}.Debug|Any CPU.Build.0 = Debug|Any CPU
		{BA5528BA-6E06-4404-9A2F-A931F588E75E}.Release|Any CPU.ActiveCfg = Release|Any CPU
		{BA5528BA-6E06-4404-9A2F-A931F588E75E}.Release|Any CPU.Build.0 = Release|Any CPU
	EndGlobalSection
	GlobalSection(SolutionProperties) = preSolution
		HideSolutionNode = FALSE
	EndGlobalSection
	GlobalSection(ExtensibilityGlobals) = postSolution
		SolutionGuid = {E660E3E3-0A69-44AB-B7C7-0213C83FF5A2}
	EndGlobalSection
EndGlobal
